
Microsoft Visual Studio Solution File, Format Version 12.00
# Visual Studio 15
VisualStudioVersion = 15.0.28307.852
MinimumVisualStudioVersion = 10.0.40219.1
Project("{9A19103F-16F7-4668-BE54-9A1E7A4F7556}") = "CreativeTim.Argon.DotNetCore.Free", "CreativeTim.Argon.DotNetCore.Free\CreativeTim.Argon.DotNetCore.Free.csproj", "{50B39F6E-F9A9-4E20-8DFB-764590251F18}"
EndProject
Project("{2150E333-8FDC-42A3-9474-1A3956D46DE8}") = "Solution Items", "Solution Items", "{CAE88BCB-9427-4A66-9801-CF7673F21204}"
	ProjectSection(SolutionItems) = preProject
		docs\documentation.html = docs\documentation.html
		ISSUES_TEMPLATE.md = ISSUES_TEMPLATE.md
		LICENSE = LICENSE
		README.md = README.md
	EndProjectSection
EndProject
Project("{FAE04EC0-301F-11D3-BF4B-00C04F79EFBC}") = "Data", "Data\Data.csproj", "{E6909E40-B135-4D1B-BF9C-498E9BD5598E}"
EndProject
Project("{FAE04EC0-301F-11D3-BF4B-00C04F79EFBC}") = "Domain", "Domain\Domain.csproj", "{57D92FD0-35EC-4134-80DA-B3343709C003}"
EndProject
Project("{FAE04EC0-301F-11D3-BF4B-00C04F79EFBC}") = "Service", "Service\Service.csproj", "{274D2EC0-7939-4226-9406-647E92D4F0D4}"
EndProject
Global
	GlobalSection(SolutionConfigurationPlatforms) = preSolution
		Debug|Any CPU = Debug|Any CPU
		Release|Any CPU = Release|Any CPU
	EndGlobalSection
	GlobalSection(ProjectConfigurationPlatforms) = postSolution
		{50B39F6E-F9A9-4E20-8DFB-764590251F18}.Debug|Any CPU.ActiveCfg = Debug|Any CPU
		{50B39F6E-F9A9-4E20-8DFB-764590251F18}.Debug|Any CPU.Build.0 = Debug|Any CPU
		{50B39F6E-F9A9-4E20-8DFB-764590251F18}.Release|Any CPU.ActiveCfg = Release|Any CPU
		{50B39F6E-F9A9-4E20-8DFB-764590251F18}.Release|Any CPU.Build.0 = Release|Any CPU
		{E6909E40-B135-4D1B-BF9C-498E9BD5598E}.Debug|Any CPU.ActiveCfg = Debug|Any CPU
		{E6909E40-B135-4D1B-BF9C-498E9BD5598E}.Debug|Any CPU.Build.0 = Debug|Any CPU
		{E6909E40-B135-4D1B-BF9C-498E9BD5598E}.Release|Any CPU.ActiveCfg = Release|Any CPU
		{E6909E40-B135-4D1B-BF9C-498E9BD5598E}.Release|Any CPU.Build.0 = Release|Any CPU
		{57D92FD0-35EC-4134-80DA-B3343709C003}.Debug|Any CPU.ActiveCfg = Debug|Any CPU
		{57D92FD0-35EC-4134-80DA-B3343709C003}.Debug|Any CPU.Build.0 = Debug|Any CPU
		{57D92FD0-35EC-4134-80DA-B3343709C003}.Release|Any CPU.ActiveCfg = Release|Any CPU
		{57D92FD0-35EC-4134-80DA-B3343709C003}.Release|Any CPU.Build.0 = Release|Any CPU
		{274D2EC0-7939-4226-9406-647E92D4F0D4}.Debug|Any CPU.ActiveCfg = Debug|Any CPU
		{274D2EC0-7939-4226-9406-647E92D4F0D4}.Debug|Any CPU.Build.0 = Debug|Any CPU
		{274D2EC0-7939-4226-9406-647E92D4F0D4}.Release|Any CPU.ActiveCfg = Release|Any CPU
		{274D2EC0-7939-4226-9406-647E92D4F0D4}.Release|Any CPU.Build.0 = Release|Any CPU
	EndGlobalSection
	GlobalSection(SolutionProperties) = preSolution
		HideSolutionNode = FALSE
	EndGlobalSection
	GlobalSection(NestedProjects) = preSolution
		{E6909E40-B135-4D1B-BF9C-498E9BD5598E} = {CAE88BCB-9427-4A66-9801-CF7673F21204}
		{57D92FD0-35EC-4134-80DA-B3343709C003} = {CAE88BCB-9427-4A66-9801-CF7673F21204}
		{274D2EC0-7939-4226-9406-647E92D4F0D4} = {CAE88BCB-9427-4A66-9801-CF7673F21204}
	EndGlobalSection
	GlobalSection(ExtensibilityGlobals) = postSolution
		SolutionGuid = {AE865C2F-C9BD-4B1C-8DF8-DB1EA491A939}
	EndGlobalSection
EndGlobal
